PODS:
  - Pageboy (2.3.1)
  - Tabman (1.3.0):
    - Pageboy (~> 2.3.0)

DEPENDENCIES:
  - Tabman (~> 1.0)

SPEC CHECKSUMS:
  Pageboy: 761f33cb03c8ef27c69b803be1bccd04b71c80d1
  Tabman: 9ea3ea63af82a8979c4be48c11abde9cc7dbef4f

PODFILE CHECKSUM: 8374154a899f1947f10734063f7ed35c685a24ec

COCOAPODS: 1.3.1
